{
  "name": "ss",
  "version": "1.0.0",
  "lockfileVersion": 3,
  "requires": true,
  "packages": {
    "": {
      "name": "ss",
      "version": "1.0.0",
      "dependencies": {
        "@umbrik/webtutor-types": "^9.0.1",
        "typescript": "^5.4.5"
      }
    },
    "node_modules/@umbrik/webtutor-types": {
      "version": "9.0.1",
      "resolved": "https://registry.npmjs.org/@umbrik/webtutor-types/-/webtutor-types-9.0.1.tgz",
      "integrity": "sha512-dWsY6Y4HGZUsfuIDzPxSGbbwalg47FO1H+8wkNMbUfnbTFult/qFQ7yoEzjZI2F4mCNHfrm34tZaWiMEJ1YiXQ=="
    },
    "node_modules/typescript": {
      "version": "5.4.5",
      "resolved": "https://registry.npmjs.org/typescript/-/typescript-5.4.5.tgz",
      "integrity": "sha512-vcI4UpRgg81oIRUFwR0WSIHKt11nJ7SAVlYNIu+QpqeyXP+gpQJy/Z4+F0aGxSE4MqwjyXvW/TzgkLAx2AGHwQ==",
      "bin": {
        "tsc": "bin/tsc",
        "tsserver": "bin/tsserver"
      },
      "engines": {
        "node": ">=14.17"
      }
    }
  }
}
